// !$*UTF8*$!
{
	archiveVersion = 1;
	classes = {
	};
	objectVersion = 55;
	objects = {

/* Begin PBXBuildFile section */
		24B1B05F27FA63260021F680 /* TouchdownApp.swift in Sources */ = {isa = PBXBuildFile; fileRef = 24B1B05E27FA63260021F680 /* TouchdownApp.swift */; };
		24B1B06127FA63260021F680 /* ContentView.swift in Sources */ = {isa = PBXBuildFile; fileRef = 24B1B06027FA63260021F680 /* ContentView.swift */; };
		24B1B06327FA63280021F680 /* Assets.xcassets in Resources */ = {isa = PBXBuildFile; fileRef = 24B1B06227FA63280021F680 /* Assets.xcassets */; };
		24B1B06627FA63280021F680 /* Preview Assets.xcassets in Resources */ = {isa = PBXBuildFile; fileRef = 24B1B06527FA63280021F680 /* Preview Assets.xcassets */; };
		24B1B07027FA63EC0021F680 /* brand.json in Resources */ = {isa = PBXBuildFile; fileRef = 24B1B06C27FA63EC0021F680 /* brand.json */; };
		24B1B07127FA63EC0021F680 /* category.json in Resources */ = {isa = PBXBuildFile; fileRef = 24B1B06D27FA63EC0021F680 /* category.json */; };
		24B1B07227FA63EC0021F680 /* player.json in Resources */ = {isa = PBXBuildFile; fileRef = 24B1B06E27FA63EC0021F680 /* player.json */; };
		24B1B07327FA63EC0021F680 /* product.json in Resources */ = {isa = PBXBuildFile; fileRef = 24B1B06F27FA63EC0021F680 /* product.json */; };
		24B1B07E27FA64E90021F680 /* Constant.swift in Sources */ = {isa = PBXBuildFile; fileRef = 24B1B07D27FA64E90021F680 /* Constant.swift */; };
		24B1B08027FA669C0021F680 /* FooterView.swift in Sources */ = {isa = PBXBuildFile; fileRef = 24B1B07F27FA669C0021F680 /* FooterView.swift */; };
		24B1B08227FAF8FC0021F680 /* NavigationBarView.swift in Sources */ = {isa = PBXBuildFile; fileRef = 24B1B08127FAF8FC0021F680 /* NavigationBarView.swift */; };
		24B1B08427FAFB430021F680 /* LogoView.swift in Sources */ = {isa = PBXBuildFile; fileRef = 24B1B08327FAFB430021F680 /* LogoView.swift */; };
		24B1B08627FAFEFF0021F680 /* PlayerModel.swift in Sources */ = {isa = PBXBuildFile; fileRef = 24B1B08527FAFEFF0021F680 /* PlayerModel.swift */; };
		24B1B08A27FAFF4E0021F680 /* CodableBundleExtension.swift in Sources */ = {isa = PBXBuildFile; fileRef = 24B1B08927FAFF4E0021F680 /* CodableBundleExtension.swift */; };
		24B1B08C27FB00560021F680 /* FeaturedItemVIew.swift in Sources */ = {isa = PBXBuildFile; fileRef = 24B1B08B27FB00560021F680 /* FeaturedItemVIew.swift */; };
		24B1B08E27FB00B40021F680 /* FeaturedTabView.swift in Sources */ = {isa = PBXBuildFile; fileRef = 24B1B08D27FB00B40021F680 /* FeaturedTabView.swift */; };
		24B1B09027FB1BCC0021F680 /* CategoryModel.swift in Sources */ = {isa = PBXBuildFile; fileRef = 24B1B08F27FB1BCC0021F680 /* CategoryModel.swift */; };
		24B1B09227FB1CA30021F680 /* CategoryItemView.swift in Sources */ = {isa = PBXBuildFile; fileRef = 24B1B09127FB1CA30021F680 /* CategoryItemView.swift */; };
		24B1B09427FB21A50021F680 /* CategoryGridView.swift in Sources */ = {isa = PBXBuildFile; fileRef = 24B1B09327FB21A50021F680 /* CategoryGridView.swift */; };
		24B1B09627FB22C30021F680 /* SectionView.swift in Sources */ = {isa = PBXBuildFile; fileRef = 24B1B09527FB22C30021F680 /* SectionView.swift */; };
		24B1B09827FB991D0021F680 /* TitleView.swift in Sources */ = {isa = PBXBuildFile; fileRef = 24B1B09727FB991D0021F680 /* TitleView.swift */; };
		24B1B09A27FB99DE0021F680 /* ProductModel.swift in Sources */ = {isa = PBXBuildFile; fileRef = 24B1B09927FB99DE0021F680 /* ProductModel.swift */; };
		24B1B09C27FB9A4A0021F680 /* ProductItemView.swift in Sources */ = {isa = PBXBuildFile; fileRef = 24B1B09B27FB9A4A0021F680 /* ProductItemView.swift */; };
/* End PBXBuildFile section */

/* Begin PBXFileReference section */
		24B1B05B27FA63260021F680 /* Touchdown.app */ = {isa = PBXFileReference; explicitFileType = wrapper.application; includeInIndex = 0; path = Touchdown.app; sourceTree = BUILT_PRODUCTS_DIR; };
		24B1B05E27FA63260021F680 /* TouchdownApp.swift */ = {isa = PBXFileReference; lastKnownFileType = sourcecode.swift; path = TouchdownApp.swift; sourceTree = "<group>"; };
		24B1B06027FA63260021F680 /* ContentView.swift */ = {isa = PBXFileReference; lastKnownFileType = sourcecode.swift; path = ContentView.swift; sourceTree = "<group>"; };
		24B1B06227FA63280021F680 /* Assets.xcassets */ = {isa = PBXFileReference; lastKnownFileType = folder.assetcatalog; path = Assets.xcassets; sourceTree = "<group>"; };
		24B1B06527FA63280021F680 /* Preview Assets.xcassets */ = {isa = PBXFileReference; lastKnownFileType = folder.assetcatalog; path = "Preview Assets.xcassets"; sourceTree = "<group>"; };
		24B1B06C27FA63EC0021F680 /* brand.json */ = {isa = PBXFileReference; fileEncoding = 4; lastKnownFileType = text.json; path = brand.json; sourceTree = "<group>"; };
		24B1B06D27FA63EC0021F680 /* category.json */ = {isa = PBXFileReference; fileEncoding = 4; lastKnownFileType = text.json; path = category.json; sourceTree = "<group>"; };
		24B1B06E27FA63EC0021F680 /* player.json */ = {isa = PBXFileReference; fileEncoding = 4; lastKnownFileType = text.json; path = player.json; sourceTree = "<group>"; };
		24B1B06F27FA63EC0021F680 /* product.json */ = {isa = PBXFileReference; fileEncoding = 4; lastKnownFileType = text.json; path = product.json; sourceTree = "<group>"; };
		24B1B07527FA643E0021F680 /* Info.plist */ = {isa = PBXFileReference; lastKnownFileType = text.plist; path = Info.plist; sourceTree = "<group>"; };
		24B1B07D27FA64E90021F680 /* Constant.swift */ = {isa = PBXFileReference; lastKnownFileType = sourcecode.swift; path = Constant.swift; sourceTree = "<group>"; };
		24B1B07F27FA669C0021F680 /* FooterView.swift */ = {isa = PBXFileReference; lastKnownFileType = sourcecode.swift; path = FooterView.swift; sourceTree = "<group>"; };
		24B1B08127FAF8FC0021F680 /* NavigationBarView.swift */ = {isa = PBXFileReference; lastKnownFileType = sourcecode.swift; path = NavigationBarView.swift; sourceTree = "<group>"; };
		24B1B08327FAFB430021F680 /* LogoView.swift */ = {isa = PBXFileReference; lastKnownFileType = sourcecode.swift; path = LogoView.swift; sourceTree = "<group>"; };
		24B1B08527FAFEFF0021F680 /* PlayerModel.swift */ = {isa = PBXFileReference; lastKnownFileType = sourcecode.swift; path = PlayerModel.swift; sourceTree = "<group>"; };
		24B1B08927FAFF4E0021F680 /* CodableBundleExtension.swift */ = {isa = PBXFileReference; lastKnownFileType = sourcecode.swift; path = CodableBundleExtension.swift; sourceTree = "<group>"; };
		24B1B08B27FB00560021F680 /* FeaturedItemVIew.swift */ = {isa = PBXFileReference; lastKnownFileType = sourcecode.swift; path = FeaturedItemVIew.swift; sourceTree = "<group>"; };
		24B1B08D27FB00B40021F680 /* FeaturedTabView.swift */ = {isa = PBXFileReference; lastKnownFileType = sourcecode.swift; path = FeaturedTabView.swift; sourceTree = "<group>"; };
		24B1B08F27FB1BCC0021F680 /* CategoryModel.swift */ = {isa = PBXFileReference; lastKnownFileType = sourcecode.swift; path = CategoryModel.swift; sourceTree = "<group>"; };
		24B1B09127FB1CA30021F680 /* CategoryItemView.swift */ = {isa = PBXFileReference; lastKnownFileType = sourcecode.swift; path = CategoryItemView.swift; sourceTree = "<group>"; };
		24B1B09327FB21A50021F680 /* CategoryGridView.swift */ = {isa = PBXFileReference; lastKnownFileType = sourcecode.swift; path = CategoryGridView.swift; sourceTree = "<group>"; };
		24B1B09527FB22C30021F680 /* SectionView.swift */ = {isa = PBXFileReference; lastKnownFileType = sourcecode.swift; path = SectionView.swift; sourceTree = "<group>"; };
		24B1B09727FB991D0021F680 /* TitleView.swift */ = {isa = PBXFileReference; lastKnownFileType = sourcecode.swift; path = TitleView.swift; sourceTree = "<group>"; };
		24B1B09927FB99DE0021F680 /* ProductModel.swift */ = {isa = PBXFileReference; lastKnownFileType = sourcecode.swift; path = ProductModel.swift; sourceTree = "<group>"; };
		24B1B09B27FB9A4A0021F680 /* ProductItemView.swift */ = {isa = PBXFileReference; lastKnownFileType = sourcecode.swift; path = ProductItemView.swift; sourceTree = "<group>"; };
/* End PBXFileReference section */

/* Begin PBXFrameworksBuildPhase section */
		24B1B05827FA63260021F680 /* Frameworks */ = {
			isa = PBXFrameworksBuildPhase;
			buildActionMask = 2147483647;
			files = (
			);
			runOnlyForDeploymentPostprocessing = 0;
		};
/* End PBXFrameworksBuildPhase section */

/* Begin PBXGroup section */
		24B1B05227FA63260021F680 = {
			isa = PBXGroup;
			children = (
				24B1B05D27FA63260021F680 /* Touchdown */,
				24B1B05C27FA63260021F680 /* Products */,
			);
			sourceTree = "<group>";
		};
		24B1B05C27FA63260021F680 /* Products */ = {
			isa = PBXGroup;
			children = (
				24B1B05B27FA63260021F680 /* Touchdown.app */,
			);
			name = Products;
			sourceTree = "<group>";
		};
		24B1B05D27FA63260021F680 /* Touchdown */ = {
			isa = PBXGroup;
			children = (
				24B1B07C27FA64CB0021F680 /* Utility */,
				24B1B07B27FA64C50021F680 /* Extension */,
				24B1B07A27FA64C00021F680 /* Model */,
				24B1B07727FA64AE0021F680 /* View */,
				24B1B07527FA643E0021F680 /* Info.plist */,
				24B1B07427FA64030021F680 /* Data */,
				24B1B07627FA64A70021F680 /* App */,
				24B1B06227FA63280021F680 /* Assets.xcassets */,
				24B1B06427FA63280021F680 /* Preview Content */,
			);
			path = Touchdown;
			sourceTree = "<group>";
		};
		24B1B06427FA63280021F680 /* Preview Content */ = {
			isa = PBXGroup;
			children = (
				24B1B06527FA63280021F680 /* Preview Assets.xcassets */,
			);
			path = "Preview Content";
			sourceTree = "<group>";
		};
		24B1B07427FA64030021F680 /* Data */ = {
			isa = PBXGroup;
			children = (
				24B1B06C27FA63EC0021F680 /* brand.json */,
				24B1B06D27FA63EC0021F680 /* category.json */,
				24B1B06E27FA63EC0021F680 /* player.json */,
				24B1B06F27FA63EC0021F680 /* product.json */,
			);
			path = Data;
			sourceTree = "<group>";
		};
		24B1B07627FA64A70021F680 /* App */ = {
			isa = PBXGroup;
			children = (
				24B1B05E27FA63260021F680 /* TouchdownApp.swift */,
				24B1B06027FA63260021F680 /* ContentView.swift */,
			);
			path = App;
			sourceTree = "<group>";
		};
		24B1B07727FA64AE0021F680 /* View */ = {
			isa = PBXGroup;
			children = (
				24B1B07927FA64BA0021F680 /* Detail */,
				24B1B07827FA64B30021F680 /* Home */,
			);
			path = View;
			sourceTree = "<group>";
		};
		24B1B07827FA64B30021F680 /* Home */ = {
			isa = PBXGroup;
			children = (
				24B1B07F27FA669C0021F680 /* FooterView.swift */,
				24B1B08127FAF8FC0021F680 /* NavigationBarView.swift */,
				24B1B08327FAFB430021F680 /* LogoView.swift */,
				24B1B08B27FB00560021F680 /* FeaturedItemVIew.swift */,
				24B1B08D27FB00B40021F680 /* FeaturedTabView.swift */,
				24B1B09127FB1CA30021F680 /* CategoryItemView.swift */,
				24B1B09327FB21A50021F680 /* CategoryGridView.swift */,
				24B1B09527FB22C30021F680 /* SectionView.swift */,
				24B1B09727FB991D0021F680 /* TitleView.swift */,
				24B1B09B27FB9A4A0021F680 /* ProductItemView.swift */,
			);
			path = Home;
			sourceTree = "<group>";
		};
		24B1B07927FA64BA0021F680 /* Detail */ = {
			isa = PBXGroup;
			children = (
			);
			path = Detail;
			sourceTree = "<group>";
		};
		24B1B07A27FA64C00021F680 /* Model */ = {
			isa = PBXGroup;
			children = (
				24B1B08527FAFEFF0021F680 /* PlayerModel.swift */,
				24B1B08F27FB1BCC0021F680 /* CategoryModel.swift */,
				24B1B09927FB99DE0021F680 /* ProductModel.swift */,
			);
			path = Model;
			sourceTree = "<group>";
		};
		24B1B07B27FA64C50021F680 /* Extension */ = {
			isa = PBXGroup;
			children = (
				24B1B08927FAFF4E0021F680 /* CodableBundleExtension.swift */,
			);
			path = Extension;
			sourceTree = "<group>";
		};
		24B1B07C27FA64CB0021F680 /* Utility */ = {
			isa = PBXGroup;
			children = (
				24B1B07D27FA64E90021F680 /* Constant.swift */,
			);
			path = Utility;
			sourceTree = "<group>";
		};
/* End PBXGroup section */

/* Begin PBXNativeTarget section */
		24B1B05A27FA63260021F680 /* Touchdown */ = {
			isa = PBXNativeTarget;
			buildConfigurationList = 24B1B06927FA63280021F680 /* Build configuration list for PBXNativeTarget "Touchdown" */;
			buildPhases = (
				24B1B05727FA63260021F680 /* Sources */,
				24B1B05827FA63260021F680 /* Frameworks */,
				24B1B05927FA63260021F680 /* Resources */,
			);
			buildRules = (
			);
			dependencies = (
			);
			name = Touchdown;
			productName = Touchdown;
			productReference = 24B1B05B27FA63260021F680 /* Touchdown.app */;
			productType = "com.apple.product-type.application";
		};
/* End PBXNativeTarget section */

/* Begin PBXProject section */
		24B1B05327FA63260021F680 /* Project object */ = {
			isa = PBXProject;
			attributes = {
				BuildIndependentTargetsInParallel = 1;
				LastSwiftUpdateCheck = 1330;
				LastUpgradeCheck = 1330;
				TargetAttributes = {
					24B1B05A27FA63260021F680 = {
						CreatedOnToolsVersion = 13.3;
					};
				};
			};
			buildConfigurationList = 24B1B05627FA63260021F680 /* Build configuration list for PBXProject "Touchdown" */;
			compatibilityVersion = "Xcode 13.0";
			developmentRegion = en;
			hasScannedForEncodings = 0;
			knownRegions = (
				en,
				Base,
			);
			mainGroup = 24B1B05227FA63260021F680;
			productRefGroup = 24B1B05C27FA63260021F680 /* Products */;
			projectDirPath = "";
			projectRoot = "";
			targets = (
				24B1B05A27FA63260021F680 /* Touchdown */,
			);
		};
/* End PBXProject section */

/* Begin PBXResourcesBuildPhase section */
		24B1B05927FA63260021F680 /* Resources */ = {
			isa = PBXResourcesBuildPhase;
			buildActionMask = 2147483647;
			files = (
				24B1B07227FA63EC0021F680 /* player.json in Resources */,
				24B1B06627FA63280021F680 /* Preview Assets.xcassets in Resources */,
				24B1B06327FA63280021F680 /* Assets.xcassets in Resources */,
				24B1B07027FA63EC0021F680 /* brand.json in Resources */,
				24B1B07127FA63EC0021F680 /* category.json in Resources */,
				24B1B07327FA63EC0021F680 /* product.json in Resources */,
			);
			runOnlyForDeploymentPostprocessing = 0;
		};
/* End PBXResourcesBuildPhase section */

/* Begin PBXSourcesBuildPhase section */
		24B1B05727FA63260021F680 /* Sources */ = {
			isa = PBXSourcesBuildPhase;
			buildActionMask = 2147483647;
			files = (
				24B1B08A27FAFF4E0021F680 /* CodableBundleExtension.swift in Sources */,
				24B1B08C27FB00560021F680 /* FeaturedItemVIew.swift in Sources */,
				24B1B06127FA63260021F680 /* ContentView.swift in Sources */,
				24B1B08427FAFB430021F680 /* LogoView.swift in Sources */,
				24B1B08027FA669C0021F680 /* FooterView.swift in Sources */,
				24B1B09C27FB9A4A0021F680 /* ProductItemView.swift in Sources */,
				24B1B05F27FA63260021F680 /* TouchdownApp.swift in Sources */,
				24B1B07E27FA64E90021F680 /* Constant.swift in Sources */,
				24B1B09427FB21A50021F680 /* CategoryGridView.swift in Sources */,
				24B1B09027FB1BCC0021F680 /* CategoryModel.swift in Sources */,
				24B1B08227FAF8FC0021F680 /* NavigationBarView.swift in Sources */,
				24B1B09627FB22C30021F680 /* SectionView.swift in Sources */,
				24B1B09227FB1CA30021F680 /* CategoryItemView.swift in Sources */,
				24B1B08E27FB00B40021F680 /* FeaturedTabView.swift in Sources */,
				24B1B08627FAFEFF0021F680 /* PlayerModel.swift in Sources */,
				24B1B09827FB991D0021F680 /* TitleView.swift in Sources */,
				24B1B09A27FB99DE0021F680 /* ProductModel.swift in Sources */,
			);
			runOnlyForDeploymentPostprocessing = 0;
		};
/* End PBXSourcesBuildPhase section */

/* Begin XCBuildConfiguration section */
		24B1B06727FA63280021F680 /* Debug */ = {
			isa = XCBuildConfiguration;
			buildSettings = {
				ALWAYS_SEARCH_USER_PATHS = NO;
				CLANG_ANALYZER_NONNULL = YES;
				CLANG_ANALYZER_NUMBER_OBJECT_CONVERSION = YES_AGGRESSIVE;
				CLANG_CXX_LANGUAGE_STANDARD = "gnu++17";
				CLANG_ENABLE_MODULES = YES;
				CLANG_ENABLE_OBJC_ARC = YES;
				CLANG_ENABLE_OBJC_WEAK = YES;
				CLANG_WARN_BLOCK_CAPTURE_AUTORELEASING = YES;
				CLANG_WARN_BOOL_CONVERSION = YES;
				CLANG_WARN_COMMA = YES;
				CLANG_WARN_CONSTANT_CONVERSION = YES;
				CLANG_WARN_DEPRECATED_OBJC_IMPLEMENTATIONS = YES;
				CLANG_WARN_DIRECT_OBJC_ISA_USAGE = YES_ERROR;
				CLANG_WARN_DOCUMENTATION_COMMENTS = YES;
				CLANG_WARN_EMPTY_BODY = YES;
				CLANG_WARN_ENUM_CONVERSION = YES;
				CLANG_WARN_INFINITE_RECURSION = YES;
				CLANG_WARN_INT_CONVERSION = YES;
				CLANG_WARN_NON_LITERAL_NULL_CONVERSION = YES;
				CLANG_WARN_OBJC_IMPLICIT_RETAIN_SELF = YES;
				CLANG_WARN_OBJC_LITERAL_CONVERSION = YES;
				CLANG_WARN_OBJC_ROOT_CLASS = YES_ERROR;
				CLANG_WARN_QUOTED_INCLUDE_IN_FRAMEWORK_HEADER = YES;
				CLANG_WARN_RANGE_LOOP_ANALYSIS = YES;
				CLANG_WARN_STRICT_PROTOTYPES = YES;
				CLANG_WARN_SUSPICIOUS_MOVE = YES;
				CLANG_WARN_UNGUARDED_AVAILABILITY = YES_AGGRESSIVE;
				CLANG_WARN_UNREACHABLE_CODE = YES;
				CLANG_WARN__DUPLICATE_METHOD_MATCH = YES;
				COPY_PHASE_STRIP = NO;
				DEBUG_INFORMATION_FORMAT = dwarf;
				ENABLE_STRICT_OBJC_MSGSEND = YES;
				ENABLE_TESTABILITY = YES;
				GCC_C_LANGUAGE_STANDARD = gnu11;
				GCC_DYNAMIC_NO_PIC = NO;
				GCC_NO_COMMON_BLOCKS = YES;
				GCC_OPTIMIZATION_LEVEL = 0;
				GCC_PREPROCESSOR_DEFINITIONS = (
					"DEBUG=1",
					"$(inherited)",
				);
				GCC_WARN_64_TO_32_BIT_CONVERSION = YES;
				GCC_WARN_ABOUT_RETURN_TYPE = YES_ERROR;
				GCC_WARN_UNDECLARED_SELECTOR = YES;
				GCC_WARN_UNINITIALIZED_AUTOS = YES_AGGRESSIVE;
				GCC_WARN_UNUSED_FUNCTION = YES;
				GCC_WARN_UNUSED_VARIABLE = YES;
				IPHONEOS_DEPLOYMENT_TARGET = 15.4;
				MTL_ENABLE_DEBUG_INFO = INCLUDE_SOURCE;
				MTL_FAST_MATH = YES;
				ONLY_ACTIVE_ARCH = YES;
				SDKROOT = iphoneos;
				SWIFT_ACTIVE_COMPILATION_CONDITIONS = DEBUG;
				SWIFT_OPTIMIZATION_LEVEL = "-Onone";
			};
			name = Debug;
		};
		24B1B06827FA63280021F680 /* Release */ = {
			isa = XCBuildConfiguration;
			buildSettings = {
				ALWAYS_SEARCH_USER_PATHS = NO;
				CLANG_ANALYZER_NONNULL = YES;
				CLANG_ANALYZER_NUMBER_OBJECT_CONVERSION = YES_AGGRESSIVE;
				CLANG_CXX_LANGUAGE_STANDARD = "gnu++17";
				CLANG_ENABLE_MODULES = YES;
				CLANG_ENABLE_OBJC_ARC = YES;
				CLANG_ENABLE_OBJC_WEAK = YES;
				CLANG_WARN_BLOCK_CAPTURE_AUTORELEASING = YES;
				CLANG_WARN_BOOL_CONVERSION = YES;
				CLANG_WARN_COMMA = YES;
				CLANG_WARN_CONSTANT_CONVERSION = YES;
				CLANG_WARN_DEPRECATED_OBJC_IMPLEMENTATIONS = YES;
				CLANG_WARN_DIRECT_OBJC_ISA_USAGE = YES_ERROR;
				CLANG_WARN_DOCUMENTATION_COMMENTS = YES;
				CLANG_WARN_EMPTY_BODY = YES;
				CLANG_WARN_ENUM_CONVERSION = YES;
				CLANG_WARN_INFINITE_RECURSION = YES;
				CLANG_WARN_INT_CONVERSION = YES;
				CLANG_WARN_NON_LITERAL_NULL_CONVERSION = YES;
				CLANG_WARN_OBJC_IMPLICIT_RETAIN_SELF = YES;
				CLANG_WARN_OBJC_LITERAL_CONVERSION = YES;
				CLANG_WARN_OBJC_ROOT_CLASS = YES_ERROR;
				CLANG_WARN_QUOTED_INCLUDE_IN_FRAMEWORK_HEADER = YES;
				CLANG_WARN_RANGE_LOOP_ANALYSIS = YES;
				CLANG_WARN_STRICT_PROTOTYPES = YES;
				CLANG_WARN_SUSPICIOUS_MOVE = YES;
				CLANG_WARN_UNGUARDED_AVAILABILITY = YES_AGGRESSIVE;
				CLANG_WARN_UNREACHABLE_CODE = YES;
				CLANG_WARN__DUPLICATE_METHOD_MATCH = YES;
				COPY_PHASE_STRIP = NO;
				DEBUG_INFORMATION_FORMAT = "dwarf-with-dsym";
				ENABLE_NS_ASSERTIONS = NO;
				ENABLE_STRICT_OBJC_MSGSEND = YES;
				GCC_C_LANGUAGE_STANDARD = gnu11;
				GCC_NO_COMMON_BLOCKS = YES;
				GCC_WARN_64_TO_32_BIT_CONVERSION = YES;
				GCC_WARN_ABOUT_RETURN_TYPE = YES_ERROR;
				GCC_WARN_UNDECLARED_SELECTOR = YES;
				GCC_WARN_UNINITIALIZED_AUTOS = YES_AGGRESSIVE;
				GCC_WARN_UNUSED_FUNCTION = YES;
				GCC_WARN_UNUSED_VARIABLE = YES;
				IPHONEOS_DEPLOYMENT_TARGET = 15.4;
				MTL_ENABLE_DEBUG_INFO = NO;
				MTL_FAST_MATH = YES;
				SDKROOT = iphoneos;
				SWIFT_COMPILATION_MODE = wholemodule;
				SWIFT_OPTIMIZATION_LEVEL = "-O";
				VALIDATE_PRODUCT = YES;
			};
			name = Release;
		};
		24B1B06A27FA63280021F680 /* Debug */ = {
			isa = XCBuildConfiguration;
			buildSettings = {
				ASSETCATALOG_COMPILER_APPICON_NAME = AppIcon;
				ASSETCATALOG_COMPILER_GLOBAL_ACCENT_COLOR_NAME = AccentColor;
				CODE_SIGN_STYLE = Automatic;
				CURRENT_PROJECT_VERSION = 1;
				DEVELOPMENT_ASSET_PATHS = "\"Touchdown/Preview Content\"";
				DEVELOPMENT_TEAM = W5A3B8HHP6;
				ENABLE_PREVIEWS = YES;
				GENERATE_INFOPLIST_FILE = YES;
				INFOPLIST_FILE = Touchdown/Info.plist;
				INFOPLIST_KEY_UIApplicationSceneManifest_Generation = YES;
				INFOPLIST_KEY_UIApplicationSupportsIndirectInputEvents = YES;
				INFOPLIST_KEY_UISupportedInterfaceOrientations = UIInterfaceOrientationPortrait;
				INFOPLIST_KEY_UISupportedInterfaceOrientations_iPad = "UIInterfaceOrientationPortrait UIInterfaceOrientationPortraitUpsideDown UIInterfaceOrientationLandscapeLeft UIInterfaceOrientationLandscapeRight";
				INFOPLIST_KEY_UISupportedInterfaceOrientations_iPhone = "UIInterfaceOrientationPortrait UIInterfaceOrientationLandscapeLeft UIInterfaceOrientationLandscapeRight";
				INFOPLIST_KEY_UIUserInterfaceStyle = Light;
				LD_RUNPATH_SEARCH_PATHS = (
					"$(inherited)",
					"@executable_path/Frameworks",
				);
				MARKETING_VERSION = 1.0;
				PRODUCT_BUNDLE_IDENTIFIER = com.vojin.Touchdown;
				PRODUCT_NAME = "$(TARGET_NAME)";
				SWIFT_EMIT_LOC_STRINGS = YES;
				SWIFT_VERSION = 5.0;
				TARGETED_DEVICE_FAMILY = "1,2";
			};
			name = Debug;
		};
		24B1B06B27FA63280021F680 /* Release */ = {
			isa = XCBuildConfiguration;
			buildSettings = {
				ASSETCATALOG_COMPILER_APPICON_NAME = AppIcon;
				ASSETCATALOG_COMPILER_GLOBAL_ACCENT_COLOR_NAME = AccentColor;
				CODE_SIGN_STYLE = Automatic;
				CURRENT_PROJECT_VERSION = 1;
				DEVELOPMENT_ASSET_PATHS = "\"Touchdown/Preview Content\"";
				DEVELOPMENT_TEAM = W5A3B8HHP6;
				ENABLE_PREVIEWS = YES;
				GENERATE_INFOPLIST_FILE = YES;
				INFOPLIST_FILE = Touchdown/Info.plist;
				INFOPLIST_KEY_UIApplicationSceneManifest_Generation = YES;
				INFOPLIST_KEY_UIApplicationSupportsIndirectInputEvents = YES;
				INFOPLIST_KEY_UISupportedInterfaceOrientations = UIInterfaceOrientationPortrait;
				INFOPLIST_KEY_UISupportedInterfaceOrientations_iPad = "UIInterfaceOrientationPortrait UIInterfaceOrientationPortraitUpsideDown UIInterfaceOrientationLandscapeLeft UIInterfaceOrientationLandscapeRight";
				INFOPLIST_KEY_UISupportedInterfaceOrientations_iPhone = "UIInterfaceOrientationPortrait UIInterfaceOrientationLandscapeLeft UIInterfaceOrientationLandscapeRight";
				INFOPLIST_KEY_UIUserInterfaceStyle = Light;
				LD_RUNPATH_SEARCH_PATHS = (
					"$(inherited)",
					"@executable_path/Frameworks",
				);
				MARKETING_VERSION = 1.0;
				PRODUCT_BUNDLE_IDENTIFIER = com.vojin.Touchdown;
				PRODUCT_NAME = "$(TARGET_NAME)";
				SWIFT_EMIT_LOC_STRINGS = YES;
				SWIFT_VERSION = 5.0;
				TARGETED_DEVICE_FAMILY = "1,2";
			};
			name = Release;
		};
/* End XCBuildConfiguration section */

/* Begin XCConfigurationList section */
		24B1B05627FA63260021F680 /* Build configuration list for PBXProject "Touchdown" */ = {
			isa = XCConfigurationList;
			buildConfigurations = (
				24B1B06727FA63280021F680 /* Debug */,
				24B1B06827FA63280021F680 /* Release */,
			);
			defaultConfigurationIsVisible = 0;
			defaultConfigurationName = Release;
		};
		24B1B06927FA63280021F680 /* Build configuration list for PBXNativeTarget "Touchdown" */ = {
			isa = XCConfigurationList;
			buildConfigurations = (
				24B1B06A27FA63280021F680 /* Debug */,
				24B1B06B27FA63280021F680 /* Release */,
			);
			defaultConfigurationIsVisible = 0;
			defaultConfigurationName = Release;
		};
/* End XCConfigurationList section */
	};
	rootObject = 24B1B05327FA63260021F680 /* Project object */;
}
